// !$*UTF8*$!
{
	archiveVersion = 1;
	classes = {
	};
	objectVersion = 56;
	objects = {

/* Begin PBXBuildFile section */
		261C3A462B18C0E900CFA902 /* NunitoSans-VariableFont_YTLC,opsz,wdth,wght.ttf in Resources */ = {isa = PBXBuildFile; fileRef = 261C3A422B18950500CFA902 /* NunitoSans-VariableFont_YTLC,opsz,wdth,wght.ttf */; };
		261C3A4F2B18E4DE00CFA902 /* IntroCollectionViewCell.swift in Sources */ = {isa = PBXBuildFile; fileRef = 261C3A4D2B18E4DE00CFA902 /* IntroCollectionViewCell.swift */; };
		261C3A502B18E4DE00CFA902 /* IntroCollectionViewCell.xib in Resources */ = {isa = PBXBuildFile; fileRef = 261C3A4E2B18E4DE00CFA902 /* IntroCollectionViewCell.xib */; };
		261C3A522B18E50300CFA902 /* Constant.swift in Sources */ = {isa = PBXBuildFile; fileRef = 261C3A512B18E50300CFA902 /* Constant.swift */; };
		261C3A562B18FF3D00CFA902 /* SignUpViewController.swift in Sources */ = {isa = PBXBuildFile; fileRef = 261C3A542B18FF3D00CFA902 /* SignUpViewController.swift */; };
		261C3A572B18FF3D00CFA902 /* SignUpViewController.xib in Resources */ = {isa = PBXBuildFile; fileRef = 261C3A552B18FF3D00CFA902 /* SignUpViewController.xib */; };
		263296912B19CCF70097758E /* GetFont.swift in Sources */ = {isa = PBXBuildFile; fileRef = 263296902B19CCF70097758E /* GetFont.swift */; };
		263296972B19DB400097758E /* CustomButton.swift in Sources */ = {isa = PBXBuildFile; fileRef = 263296962B19DB400097758E /* CustomButton.swift */; };
		2632969B2B19E48F0097758E /* String+Extension.swift in Sources */ = {isa = PBXBuildFile; fileRef = 2632969A2B19E48F0097758E /* String+Extension.swift */; };
		2648A6852B187CD300347505 /* AppDelegate.swift in Sources */ = {isa = PBXBuildFile; fileRef = 2648A6842B187CD300347505 /* AppDelegate.swift */; };
		2648A6872B187CD300347505 /* SceneDelegate.swift in Sources */ = {isa = PBXBuildFile; fileRef = 2648A6862B187CD300347505 /* SceneDelegate.swift */; };
		2648A68E2B187CD400347505 /* Assets.xcassets in Resources */ = {isa = PBXBuildFile; fileRef = 2648A68D2B187CD400347505 /* Assets.xcassets */; };
		2648A6A12B1881F200347505 /* IntroViewController.swift in Sources */ = {isa = PBXBuildFile; fileRef = 2648A69F2B1881F200347505 /* IntroViewController.swift */; };
		2648A6A22B1881F200347505 /* IntroViewController.xib in Resources */ = {isa = PBXBuildFile; fileRef = 2648A6A02B1881F200347505 /* IntroViewController.xib */; };
/* End PBXBuildFile section */

/* Begin PBXFileReference section */
		261C3A422B18950500CFA902 /* NunitoSans-VariableFont_YTLC,opsz,wdth,wght.ttf */ = {isa = PBXFileReference; lastKnownFileType = file; name = "NunitoSans-VariableFont_YTLC,opsz,wdth,wght.ttf"; path = "HealthApp/Resources/Font/NunitoSans-VariableFont_YTLC,opsz,wdth,wght.ttf"; sourceTree = SOURCE_ROOT; };
		261C3A4D2B18E4DE00CFA902 /* IntroCollectionViewCell.swift */ = {isa = PBXFileReference; lastKnownFileType = sourcecode.swift; path = IntroCollectionViewCell.swift; sourceTree = "<group>"; };
		261C3A4E2B18E4DE00CFA902 /* IntroCollectionViewCell.xib */ = {isa = PBXFileReference; lastKnownFileType = file.xib; path = IntroCollectionViewCell.xib; sourceTree = "<group>"; };
		261C3A512B18E50300CFA902 /* Constant.swift */ = {isa = PBXFileReference; lastKnownFileType = sourcecode.swift; path = Constant.swift; sourceTree = "<group>"; };
		261C3A542B18FF3D00CFA902 /* SignUpViewController.swift */ = {isa = PBXFileReference; lastKnownFileType = sourcecode.swift; path = SignUpViewController.swift; sourceTree = "<group>"; };
		261C3A552B18FF3D00CFA902 /* SignUpViewController.xib */ = {isa = PBXFileReference; lastKnownFileType = file.xib; path = SignUpViewController.xib; sourceTree = "<group>"; };
		263296902B19CCF70097758E /* GetFont.swift */ = {isa = PBXFileReference; lastKnownFileType = sourcecode.swift; path = GetFont.swift; sourceTree = "<group>"; };
		263296962B19DB400097758E /* CustomButton.swift */ = {isa = PBXFileReference; lastKnownFileType = sourcecode.swift; path = CustomButton.swift; sourceTree = "<group>"; };
		2632969A2B19E48F0097758E /* String+Extension.swift */ = {isa = PBXFileReference; lastKnownFileType = sourcecode.swift; path = "String+Extension.swift"; sourceTree = "<group>"; };
		2648A6812B187CD300347505 /* HealthApp.app */ = {isa = PBXFileReference; explicitFileType = wrapper.application; includeInIndex = 0; path = HealthApp.app; sourceTree = BUILT_PRODUCTS_DIR; };
		2648A6842B187CD300347505 /* AppDelegate.swift */ = {isa = PBXFileReference; lastKnownFileType = sourcecode.swift; path = AppDelegate.swift; sourceTree = "<group>"; };
		2648A6862B187CD300347505 /* SceneDelegate.swift */ = {isa = PBXFileReference; lastKnownFileType = sourcecode.swift; path = SceneDelegate.swift; sourceTree = "<group>"; };
		2648A68D2B187CD400347505 /* Assets.xcassets */ = {isa = PBXFileReference; lastKnownFileType = folder.assetcatalog; path = Assets.xcassets; sourceTree = "<group>"; };
		2648A6922B187CD400347505 /* Info.plist */ = {isa = PBXFileReference; lastKnownFileType = text.plist.xml; path = Info.plist; sourceTree = "<group>"; };
		2648A69F2B1881F200347505 /* IntroViewController.swift */ = {isa = PBXFileReference; lastKnownFileType = sourcecode.swift; path = IntroViewController.swift; sourceTree = "<group>"; };
		2648A6A02B1881F200347505 /* IntroViewController.xib */ = {isa = PBXFileReference; lastKnownFileType = file.xib; path = IntroViewController.xib; sourceTree = "<group>"; };
/* End PBXFileReference section */

/* Begin PBXFrameworksBuildPhase section */
		2648A67E2B187CD300347505 /* Frameworks */ = {
			isa = PBXFrameworksBuildPhase;
			buildActionMask = 2147483647;
			files = (
			);
			runOnlyForDeploymentPostprocessing = 0;
		};
/* End PBXFrameworksBuildPhase section */

/* Begin PBXGroup section */
		261C3A532B18FF1200CFA902 /* IntroView */ = {
			isa = PBXGroup;
			children = (
				2648A6A02B1881F200347505 /* IntroViewController.xib */,
				261C3A4D2B18E4DE00CFA902 /* IntroCollectionViewCell.swift */,
				261C3A4E2B18E4DE00CFA902 /* IntroCollectionViewCell.xib */,
			);
			path = IntroView;
			sourceTree = "<group>";
		};
		261C3A582B18FF4500CFA902 /* SignUpView */ = {
			isa = PBXGroup;
			children = (
				261C3A552B18FF3D00CFA902 /* SignUpViewController.xib */,
				263296962B19DB400097758E /* CustomButton.swift */,
			);
			path = SignUpView;
			sourceTree = "<group>";
		};
		2648A6782B187CD300347505 = {
			isa = PBXGroup;
			children = (
				2648A6832B187CD300347505 /* HealthApp */,
				2648A6822B187CD300347505 /* Products */,
			);
			sourceTree = "<group>";
		};
		2648A6822B187CD300347505 /* Products */ = {
			isa = PBXGroup;
			children = (
				2648A6812B187CD300347505 /* HealthApp.app */,
			);
			name = Products;
			sourceTree = "<group>";
		};
		2648A6832B187CD300347505 /* HealthApp */ = {
			isa = PBXGroup;
			children = (
				2648A6922B187CD400347505 /* Info.plist */,
				2648A69C2B18815600347505 /* Service */,
				2648A6982B187FEB00347505 /* App */,
				2648A6992B187FF900347505 /* Model */,
				2648A69A2B18800500347505 /* View */,
				2648A69B2B18800A00347505 /* Controller */,
				2648A69D2B18815C00347505 /* Resources */,
				2648A69E2B18816E00347505 /* Utilities */,
			);
			path = HealthApp;
			sourceTree = "<group>";
		};
		2648A6982B187FEB00347505 /* App */ = {
			isa = PBXGroup;
			children = (
				2648A6842B187CD300347505 /* AppDelegate.swift */,
				2648A6862B187CD300347505 /* SceneDelegate.swift */,
			);
			path = App;
			sourceTree = "<group>";
		};
		2648A6992B187FF900347505 /* Model */ = {
			isa = PBXGroup;
			children = (
			);
			path = Model;
			sourceTree = "<group>";
		};
		2648A69A2B18800500347505 /* View */ = {
			isa = PBXGroup;
			children = (
				261C3A532B18FF1200CFA902 /* IntroView */,
				261C3A582B18FF4500CFA902 /* SignUpView */,
			);
			path = View;
			sourceTree = "<group>";
		};
		2648A69B2B18800A00347505 /* Controller */ = {
			isa = PBXGroup;
			children = (
				2648A69F2B1881F200347505 /* IntroViewController.swift */,
				261C3A542B18FF3D00CFA902 /* SignUpViewController.swift */,
			);
			path = Controller;
			sourceTree = "<group>";
		};
		2648A69C2B18815600347505 /* Service */ = {
			isa = PBXGroup;
			children = (
			);
			path = Service;
			sourceTree = "<group>";
		};
		2648A69D2B18815C00347505 /* Resources */ = {
			isa = PBXGroup;
			children = (
				2648A6A32B188DE500347505 /* Font */,
				2648A68D2B187CD400347505 /* Assets.xcassets */,
			);
			path = Resources;
			sourceTree = "<group>";
		};
		2648A69E2B18816E00347505 /* Utilities */ = {
			isa = PBXGroup;
			children = (
				261C3A512B18E50300CFA902 /* Constant.swift */,
				2632969A2B19E48F0097758E /* String+Extension.swift */,
			);
			path = Utilities;
			sourceTree = "<group>";
		};
		2648A6A32B188DE500347505 /* Font */ = {
			isa = PBXGroup;
			children = (
				261C3A422B18950500CFA902 /* NunitoSans-VariableFont_YTLC,opsz,wdth,wght.ttf */,
				263296902B19CCF70097758E /* GetFont.swift */,
			);
			path = Font;
			sourceTree = "<group>";
		};
/* End PBXGroup section */

/* Begin PBXNativeTarget section */
		2648A6802B187CD300347505 /* HealthApp */ = {
			isa = PBXNativeTarget;
			buildConfigurationList = 2648A6952B187CD400347505 /* Build configuration list for PBXNativeTarget "HealthApp" */;
			buildPhases = (
				2648A67D2B187CD300347505 /* Sources */,
				2648A67E2B187CD300347505 /* Frameworks */,
				2648A67F2B187CD300347505 /* Resources */,
			);
			buildRules = (
			);
			dependencies = (
			);
			name = HealthApp;
			productName = HealthApp;
			productReference = 2648A6812B187CD300347505 /* HealthApp.app */;
			productType = "com.apple.product-type.application";
		};
/* End PBXNativeTarget section */

/* Begin PBXProject section */
		2648A6792B187CD300347505 /* Project object */ = {
			isa = PBXProject;
			attributes = {
				BuildIndependentTargetsInParallel = 1;
				LastSwiftUpdateCheck = 1500;
				LastUpgradeCheck = 1500;
				TargetAttributes = {
					2648A6802B187CD300347505 = {
						CreatedOnToolsVersion = 15.0.1;
					};
				};
			};
			buildConfigurationList = 2648A67C2B187CD300347505 /* Build configuration list for PBXProject "HealthApp" */;
			compatibilityVersion = "Xcode 14.0";
			developmentRegion = en;
			hasScannedForEncodings = 0;
			knownRegions = (
				en,
				Base,
			);
			mainGroup = 2648A6782B187CD300347505;
			productRefGroup = 2648A6822B187CD300347505 /* Products */;
			projectDirPath = "";
			projectRoot = "";
			targets = (
				2648A6802B187CD300347505 /* HealthApp */,
			);
		};
/* End PBXProject section */

/* Begin PBXResourcesBuildPhase section */
		2648A67F2B187CD300347505 /* Resources */ = {
			isa = PBXResourcesBuildPhase;
			buildActionMask = 2147483647;
			files = (
				261C3A572B18FF3D00CFA902 /* SignUpViewController.xib in Resources */,
				261C3A462B18C0E900CFA902 /* NunitoSans-VariableFont_YTLC,opsz,wdth,wght.ttf in Resources */,
				2648A68E2B187CD400347505 /* Assets.xcassets in Resources */,
				2648A6A22B1881F200347505 /* IntroViewController.xib in Resources */,
				261C3A502B18E4DE00CFA902 /* IntroCollectionViewCell.xib in Resources */,
			);
			runOnlyForDeploymentPostprocessing = 0;
		};
/* End PBXResourcesBuildPhase section */

/* Begin PBXSourcesBuildPhase section */
		2648A67D2B187CD300347505 /* Sources */ = {
			isa = PBXSourcesBuildPhase;
			buildActionMask = 2147483647;
			files = (
				261C3A562B18FF3D00CFA902 /* SignUpViewController.swift in Sources */,
				2632969B2B19E48F0097758E /* String+Extension.swift in Sources */,
				2648A6A12B1881F200347505 /* IntroViewController.swift in Sources */,
				2648A6852B187CD300347505 /* AppDelegate.swift in Sources */,
				261C3A522B18E50300CFA902 /* Constant.swift in Sources */,
				2648A6872B187CD300347505 /* SceneDelegate.swift in Sources */,
				263296972B19DB400097758E /* CustomButton.swift in Sources */,
				261C3A4F2B18E4DE00CFA902 /* IntroCollectionViewCell.swift in Sources */,
				263296912B19CCF70097758E /* GetFont.swift in Sources */,
			);
			runOnlyForDeploymentPostprocessing = 0;
		};
/* End PBXSourcesBuildPhase section */

/* Begin XCBuildConfiguration section */
		2648A6932B187CD400347505 /* Debug */ = {
			isa = XCBuildConfiguration;
			buildSettings = {
				ALWAYS_SEARCH_USER_PATHS = NO;
				ASSETCATALOG_COMPILER_GENERATE_SWIFT_ASSET_SYMBOL_EXTENSIONS = YES;
				CLANG_ANALYZER_NONNULL = YES;
				CLANG_ANALYZER_NUMBER_OBJECT_CONVERSION = YES_AGGRESSIVE;
				CLANG_CXX_LANGUAGE_STANDARD = "gnu++20";
				CLANG_ENABLE_MODULES = YES;
				CLANG_ENABLE_OBJC_ARC = YES;
				CLANG_ENABLE_OBJC_WEAK = YES;
				CLANG_WARN_BLOCK_CAPTURE_AUTORELEASING = YES;
				CLANG_WARN_BOOL_CONVERSION = YES;
				CLANG_WARN_COMMA = YES;
				CLANG_WARN_CONSTANT_CONVERSION = YES;
				CLANG_WARN_DEPRECATED_OBJC_IMPLEMENTATIONS = YES;
				CLANG_WARN_DIRECT_OBJC_ISA_USAGE = YES_ERROR;
				CLANG_WARN_DOCUMENTATION_COMMENTS = YES;
				CLANG_WARN_EMPTY_BODY = YES;
				CLANG_WARN_ENUM_CONVERSION = YES;
				CLANG_WARN_INFINITE_RECURSION = YES;
				CLANG_WARN_INT_CONVERSION = YES;
				CLANG_WARN_NON_LITERAL_NULL_CONVERSION = YES;
				CLANG_WARN_OBJC_IMPLICIT_RETAIN_SELF = YES;
				CLANG_WARN_OBJC_LITERAL_CONVERSION = YES;
				CLANG_WARN_OBJC_ROOT_CLASS = YES_ERROR;
				CLANG_WARN_QUOTED_INCLUDE_IN_FRAMEWORK_HEADER = YES;
				CLANG_WARN_RANGE_LOOP_ANALYSIS = YES;
				CLANG_WARN_STRICT_PROTOTYPES = YES;
				CLANG_WARN_SUSPICIOUS_MOVE = YES;
				CLANG_WARN_UNGUARDED_AVAILABILITY = YES_AGGRESSIVE;
				CLANG_WARN_UNREACHABLE_CODE = YES;
				CLANG_WARN__DUPLICATE_METHOD_MATCH = YES;
				COPY_PHASE_STRIP = NO;
				DEBUG_INFORMATION_FORMAT = dwarf;
				ENABLE_STRICT_OBJC_MSGSEND = YES;
				ENABLE_TESTABILITY = YES;
				ENABLE_USER_SCRIPT_SANDBOXING = YES;
				GCC_C_LANGUAGE_STANDARD = gnu17;
				GCC_DYNAMIC_NO_PIC = NO;
				GCC_NO_COMMON_BLOCKS = YES;
				GCC_OPTIMIZATION_LEVEL = 0;
				GCC_PREPROCESSOR_DEFINITIONS = (
					"DEBUG=1",
					"$(inherited)",
				);
				GCC_WARN_64_TO_32_BIT_CONVERSION = YES;
				GCC_WARN_ABOUT_RETURN_TYPE = YES_ERROR;
				GCC_WARN_UNDECLARED_SELECTOR = YES;
				GCC_WARN_UNINITIALIZED_AUTOS = YES_AGGRESSIVE;
				GCC_WARN_UNUSED_FUNCTION = YES;
				GCC_WARN_UNUSED_VARIABLE = YES;
				IPHONEOS_DEPLOYMENT_TARGET = 17.0;
				LOCALIZATION_PREFERS_STRING_CATALOGS = YES;
				MTL_ENABLE_DEBUG_INFO = INCLUDE_SOURCE;
				MTL_FAST_MATH = YES;
				ONLY_ACTIVE_ARCH = YES;
				SDKROOT = iphoneos;
				SWIFT_ACTIVE_COMPILATION_CONDITIONS = "DEBUG $(inherited)";
				SWIFT_OPTIMIZATION_LEVEL = "-Onone";
			};
			name = Debug;
		};
		2648A6942B187CD400347505 /* Release */ = {
			isa = XCBuildConfiguration;
			buildSettings = {
				ALWAYS_SEARCH_USER_PATHS = NO;
				ASSETCATALOG_COMPILER_GENERATE_SWIFT_ASSET_SYMBOL_EXTENSIONS = YES;
				CLANG_ANALYZER_NONNULL = YES;
				CLANG_ANALYZER_NUMBER_OBJECT_CONVERSION = YES_AGGRESSIVE;
				CLANG_CXX_LANGUAGE_STANDARD = "gnu++20";
				CLANG_ENABLE_MODULES = YES;
				CLANG_ENABLE_OBJC_ARC = YES;
				CLANG_ENABLE_OBJC_WEAK = YES;
				CLANG_WARN_BLOCK_CAPTURE_AUTORELEASING = YES;
				CLANG_WARN_BOOL_CONVERSION = YES;
				CLANG_WARN_COMMA = YES;
				CLANG_WARN_CONSTANT_CONVERSION = YES;
				CLANG_WARN_DEPRECATED_OBJC_IMPLEMENTATIONS = YES;
				CLANG_WARN_DIRECT_OBJC_ISA_USAGE = YES_ERROR;
				CLANG_WARN_DOCUMENTATION_COMMENTS = YES;
				CLANG_WARN_EMPTY_BODY = YES;
				CLANG_WARN_ENUM_CONVERSION = YES;
				CLANG_WARN_INFINITE_RECURSION = YES;
				CLANG_WARN_INT_CONVERSION = YES;
				CLANG_WARN_NON_LITERAL_NULL_CONVERSION = YES;
				CLANG_WARN_OBJC_IMPLICIT_RETAIN_SELF = YES;
				CLANG_WARN_OBJC_LITERAL_CONVERSION = YES;
				CLANG_WARN_OBJC_ROOT_CLASS = YES_ERROR;
				CLANG_WARN_QUOTED_INCLUDE_IN_FRAMEWORK_HEADER = YES;
				CLANG_WARN_RANGE_LOOP_ANALYSIS = YES;
				CLANG_WARN_STRICT_PROTOTYPES = YES;
				CLANG_WARN_SUSPICIOUS_MOVE = YES;
				CLANG_WARN_UNGUARDED_AVAILABILITY = YES_AGGRESSIVE;
				CLANG_WARN_UNREACHABLE_CODE = YES;
				CLANG_WARN__DUPLICATE_METHOD_MATCH = YES;
				COPY_PHASE_STRIP = NO;
				DEBUG_INFORMATION_FORMAT = "dwarf-with-dsym";
				ENABLE_NS_ASSERTIONS = NO;
				ENABLE_STRICT_OBJC_MSGSEND = YES;
				ENABLE_USER_SCRIPT_SANDBOXING = YES;
				GCC_C_LANGUAGE_STANDARD = gnu17;
				GCC_NO_COMMON_BLOCKS = YES;
				GCC_WARN_64_TO_32_BIT_CONVERSION = YES;
				GCC_WARN_ABOUT_RETURN_TYPE = YES_ERROR;
				GCC_WARN_UNDECLARED_SELECTOR = YES;
				GCC_WARN_UNINITIALIZED_AUTOS = YES_AGGRESSIVE;
				GCC_WARN_UNUSED_FUNCTION = YES;
				GCC_WARN_UNUSED_VARIABLE = YES;
				IPHONEOS_DEPLOYMENT_TARGET = 17.0;
				LOCALIZATION_PREFERS_STRING_CATALOGS = YES;
				MTL_ENABLE_DEBUG_INFO = NO;
				MTL_FAST_MATH = YES;
				SDKROOT = iphoneos;
				SWIFT_COMPILATION_MODE = wholemodule;
				VALIDATE_PRODUCT = YES;
			};
			name = Release;
		};
		2648A6962B187CD400347505 /* Debug */ = {
			isa = XCBuildConfiguration;
			buildSettings = {
				ASSETCATALOG_COMPILER_APPICON_NAME = AppIcon;
				ASSETCATALOG_COMPILER_GLOBAL_ACCENT_COLOR_NAME = AccentColor;
				CODE_SIGN_STYLE = Automatic;
				CURRENT_PROJECT_VERSION = 1;
				DEVELOPMENT_TEAM = 9G9YD8GX8D;
				GENERATE_INFOPLIST_FILE = YES;
				INFOPLIST_FILE = HealthApp/Info.plist;
				INFOPLIST_KEY_LSApplicationCategoryType = "\"\"";
				INFOPLIST_KEY_UIApplicationSupportsIndirectInputEvents = YES;
				INFOPLIST_KEY_UILaunchStoryboardName = LaunchScreen;
				INFOPLIST_KEY_UISupportedInterfaceOrientations_iPad = "UIInterfaceOrientationPortrait UIInterfaceOrientationPortraitUpsideDown UIInterfaceOrientationLandscapeLeft UIInterfaceOrientationLandscapeRight";
				INFOPLIST_KEY_UISupportedInterfaceOrientations_iPhone = "UIInterfaceOrientationPortrait UIInterfaceOrientationLandscapeLeft UIInterfaceOrientationLandscapeRight";
				LD_RUNPATH_SEARCH_PATHS = (
					"$(inherited)",
					"@executable_path/Frameworks",
				);
				MARKETING_VERSION = 1.0;
				PRODUCT_BUNDLE_IDENTIFIER = com.hnam.HealthApp;
				PRODUCT_NAME = "$(TARGET_NAME)";
				SWIFT_EMIT_LOC_STRINGS = YES;
				SWIFT_VERSION = 5.0;
				TARGETED_DEVICE_FAMILY = "1,2";
			};
			name = Debug;
		};
		2648A6972B187CD400347505 /* Release */ = {
			isa = XCBuildConfiguration;
			buildSettings = {
				ASSETCATALOG_COMPILER_APPICON_NAME = AppIcon;
				ASSETCATALOG_COMPILER_GLOBAL_ACCENT_COLOR_NAME = AccentColor;
				CODE_SIGN_STYLE = Automatic;
				CURRENT_PROJECT_VERSION = 1;
				DEVELOPMENT_TEAM = 9G9YD8GX8D;
				GENERATE_INFOPLIST_FILE = YES;
				INFOPLIST_FILE = HealthApp/Info.plist;
				INFOPLIST_KEY_LSApplicationCategoryType = "\"\"";
				INFOPLIST_KEY_UIApplicationSupportsIndirectInputEvents = YES;
				INFOPLIST_KEY_UILaunchStoryboardName = LaunchScreen;
				INFOPLIST_KEY_UISupportedInterfaceOrientations_iPad = "UIInterfaceOrientationPortrait UIInterfaceOrientationPortraitUpsideDown UIInterfaceOrientationLandscapeLeft UIInterfaceOrientationLandscapeRight";
				INFOPLIST_KEY_UISupportedInterfaceOrientations_iPhone = "UIInterfaceOrientationPortrait UIInterfaceOrientationLandscapeLeft UIInterfaceOrientationLandscapeRight";
				LD_RUNPATH_SEARCH_PATHS = (
					"$(inherited)",
					"@executable_path/Frameworks",
				);
				MARKETING_VERSION = 1.0;
				PRODUCT_BUNDLE_IDENTIFIER = com.hnam.HealthApp;
				PRODUCT_NAME = "$(TARGET_NAME)";
				SWIFT_EMIT_LOC_STRINGS = YES;
				SWIFT_VERSION = 5.0;
				TARGETED_DEVICE_FAMILY = "1,2";
			};
			name = Release;
		};
/* End XCBuildConfiguration section */

/* Begin XCConfigurationList section */
		2648A67C2B187CD300347505 /* Build configuration list for PBXProject "HealthApp" */ = {
			isa = XCConfigurationList;
			buildConfigurations = (
				2648A6932B187CD400347505 /* Debug */,
				2648A6942B187CD400347505 /* Release */,
			);
			defaultConfigurationIsVisible = 0;
			defaultConfigurationName = Release;
		};
		2648A6952B187CD400347505 /* Build configuration list for PBXNativeTarget "HealthApp" */ = {
			isa = XCConfigurationList;
			buildConfigurations = (
				2648A6962B187CD400347505 /* Debug */,
				2648A6972B187CD400347505 /* Release */,
			);
			defaultConfigurationIsVisible = 0;
			defaultConfigurationName = Release;
		};
/* End XCConfigurationList section */
	};
	rootObject = 2648A6792B187CD300347505 /* Project object */;
}
